// !$*UTF8*$!
{
	archiveVersion = 1;
	classes = {
	};
	objectVersion = 46;
	objects = {

/* Begin PBXBuildFile section */
		F22B4E661AAABB7B00256200 /* main.m in Sources */ = {isa = PBXBuildFile; fileRef = F22B4E651AAABB7B00256200 /* main.m */; };
		F22B4E691AAABB7B00256200 /* AppDelegate.m in Sources */ = {isa = PBXBuildFile; fileRef = F22B4E681AAABB7B00256200 /* AppDelegate.m */; };
		F22B4E6C1AAABB7B00256200 /* CoffeeFindr.xcdatamodeld in Sources */ = {isa = PBXBuildFile; fileRef = F22B4E6A1AAABB7B00256200 /* CoffeeFindr.xcdatamodeld */; };
		F22B4E721AAABB7B00256200 /* Main.storyboard in Resources */ = {isa = PBXBuildFile; fileRef = F22B4E701AAABB7B00256200 /* Main.storyboard */; };
		F22B4E741AAABB7B00256200 /* Images.xcassets in Resources */ = {isa = PBXBuildFile; fileRef = F22B4E731AAABB7B00256200 /* Images.xcassets */; };
		F22B4E771AAABB7C00256200 /* LaunchScreen.xib in Resources */ = {isa = PBXBuildFile; fileRef = F22B4E751AAABB7C00256200 /* LaunchScreen.xib */; };
		F22B4E831AAABB7C00256200 /* CoffeeFindrTests.m in Sources */ = {isa = PBXBuildFile; fileRef = F22B4E821AAABB7C00256200 /* CoffeeFindrTests.m */; };
		F22B4E8E1AAABBE400256200 /* ListViewController.m in Sources */ = {isa = PBXBuildFile; fileRef = F22B4E8D1AAABBE400256200 /* ListViewController.m */; };
		F22B4E901AAABCC600256200 /* MapKit.framework in Frameworks */ = {isa = PBXBuildFile; fileRef = F22B4E8F1AAABCC600256200 /* MapKit.framework */; };
		F22B4E921AAABCD000256200 /* CoreLocation.framework in Frameworks */ = {isa = PBXBuildFile; fileRef = F22B4E911AAABCD000256200 /* CoreLocation.framework */; };
		F2C139B91AAAD2A2001D826B /* CoffeePlace.m in Sources */ = {isa = PBXBuildFile; fileRef = F2C139B81AAAD2A2001D826B /* CoffeePlace.m */; };
		F2C139BC1AAAEAB9001D826B /* DetailViewController.m in Sources */ = {isa = PBXBuildFile; fileRef = F2C139BB1AAAEAB9001D826B /* DetailViewController.m */; };
/* End PBXBuildFile section */

/* Begin PBXContainerItemProxy section */
		F22B4E7D1AAABB7C00256200 /* PBXContainerItemProxy */ = {
			isa = PBXContainerItemProxy;
			containerPortal = F22B4E581AAABB7B00256200 /* Project object */;
			proxyType = 1;
			remoteGlobalIDString = F22B4E5F1AAABB7B00256200;
			remoteInfo = CoffeeFindr;
		};
/* End PBXContainerItemProxy section */

/* Begin PBXFileReference section */
		F22B4E601AAABB7B00256200 /* CoffeeFindr.app */ = {isa = PBXFileReference; explicitFileType = wrapper.application; includeInIndex = 0; path = CoffeeFindr.app; sourceTree = BUILT_PRODUCTS_DIR; };
		F22B4E641AAABB7B00256200 /* Info.plist */ = {isa = PBXFileReference; lastKnownFileType = text.plist.xml; path = Info.plist; sourceTree = "<group>"; };
		F22B4E651AAABB7B00256200 /* main.m */ = {isa = PBXFileReference; lastKnownFileType = sourcecode.c.objc; path = main.m; sourceTree = "<group>"; };
		F22B4E671AAABB7B00256200 /* AppDelegate.h */ = {isa = PBXFileReference; lastKnownFileType = sourcecode.c.h; path = AppDelegate.h; sourceTree = "<group>"; };
		F22B4E681AAABB7B00256200 /* AppDelegate.m */ = {isa = PBXFileReference; lastKnownFileType = sourcecode.c.objc; path = AppDelegate.m; sourceTree = "<group>"; };
		F22B4E6B1AAABB7B00256200 /* CoffeeFindr.xcdatamodel */ = {isa = PBXFileReference; lastKnownFileType = wrapper.xcdatamodel; path = CoffeeFindr.xcdatamodel; sourceTree = "<group>"; };
		F22B4E711AAABB7B00256200 /* Base */ = {isa = PBXFileReference; lastKnownFileType = file.storyboard; name = Base; path = Base.lproj/Main.storyboard; sourceTree = "<group>"; };
		F22B4E731AAABB7B00256200 /* Images.xcassets */ = {isa = PBXFileReference; lastKnownFileType = folder.assetcatalog; path = Images.xcassets; sourceTree = "<group>"; };
		F22B4E761AAABB7C00256200 /* Base */ = {isa = PBXFileReference; lastKnownFileType = file.xib; name = Base; path = Base.lproj/LaunchScreen.xib; sourceTree = "<group>"; };
		F22B4E7C1AAABB7C00256200 /* CoffeeFindrTests.xctest */ = {isa = PBXFileReference; explicitFileType = wrapper.cfbundle; includeInIndex = 0; path = CoffeeFindrTests.xctest; sourceTree = BUILT_PRODUCTS_DIR; };
		F22B4E811AAABB7C00256200 /* Info.plist */ = {isa = PBXFileReference; lastKnownFileType = text.plist.xml; path = Info.plist; sourceTree = "<group>"; };
		F22B4E821AAABB7C00256200 /* CoffeeFindrTests.m */ = {isa = PBXFileReference; lastKnownFileType = sourcecode.c.objc; path = CoffeeFindrTests.m; sourceTree = "<group>"; };
		F22B4E8C1AAABBE400256200 /* ListViewController.h */ = {isa = PBXFileReference; fileEncoding = 4; lastKnownFileType = sourcecode.c.h; name = ListViewController.h; path = ../ListViewController.h; sourceTree = "<group>"; };
		F22B4E8D1AAABBE400256200 /* ListViewController.m */ = {isa = PBXFileReference; fileEncoding = 4; lastKnownFileType = sourcecode.c.objc; name = ListViewController.m; path = ../ListViewController.m; sourceTree = "<group>"; };
		F22B4E8F1AAABCC600256200 /* MapKit.framework */ = {isa = PBXFileReference; lastKnownFileType = wrapper.framework; name = MapKit.framework; path = System/Library/Frameworks/MapKit.framework; sourceTree = SDKROOT; };
		F22B4E911AAABCD000256200 /* CoreLocation.framework */ = {isa = PBXFileReference; lastKnownFileType = wrapper.framework; name = CoreLocation.framework; path = System/Library/Frameworks/CoreLocation.framework; sourceTree = SDKROOT; };
		F2C139B71AAAD2A2001D826B /* CoffeePlace.h */ = {isa = PBXFileReference; fileEncoding = 4; lastKnownFileType = sourcecode.c.h; path = CoffeePlace.h; sourceTree = "<group>"; };
		F2C139B81AAAD2A2001D826B /* CoffeePlace.m */ = {isa = PBXFileReference; fileEncoding = 4; lastKnownFileType = sourcecode.c.objc; path = CoffeePlace.m; sourceTree = "<group>"; };
		F2C139BA1AAAEAB9001D826B /* DetailViewController.h */ = {isa = PBXFileReference; fileEncoding = 4; lastKnownFileType = sourcecode.c.h; path = DetailViewController.h; sourceTree = "<group>"; };
		F2C139BB1AAAEAB9001D826B /* DetailViewController.m */ = {isa = PBXFileReference; fileEncoding = 4; lastKnownFileType = sourcecode.c.objc; path = DetailViewController.m; sourceTree = "<group>"; };
/* End PBXFileReference section */

/* Begin PBXFrameworksBuildPhase section */
		F22B4E5D1AAABB7B00256200 /* Frameworks */ = {
			isa = PBXFrameworksBuildPhase;
			buildActionMask = 2147483647;
			files = (
				F22B4E921AAABCD000256200 /* CoreLocation.framework in Frameworks */,
				F22B4E901AAABCC600256200 /* MapKit.framework in Frameworks */,
			);
			runOnlyForDeploymentPostprocessing = 0;
		};
		F22B4E791AAABB7C00256200 /* Frameworks */ = {
			isa = PBXFrameworksBuildPhase;
			buildActionMask = 2147483647;
			files = (
			);
			runOnlyForDeploymentPostprocessing = 0;
		};
/* End PBXFrameworksBuildPhase section */

/* Begin PBXGroup section */
		F22B4E571AAABB7B00256200 = {
			isa = PBXGroup;
			children = (
				F22B4E911AAABCD000256200 /* CoreLocation.framework */,
				F22B4E8F1AAABCC600256200 /* MapKit.framework */,
				F22B4E621AAABB7B00256200 /* CoffeeFindr */,
				F22B4E7F1AAABB7C00256200 /* CoffeeFindrTests */,
				F22B4E611AAABB7B00256200 /* Products */,
			);
			sourceTree = "<group>";
		};
		F22B4E611AAABB7B00256200 /* Products */ = {
			isa = PBXGroup;
			children = (
				F22B4E601AAABB7B00256200 /* CoffeeFindr.app */,
				F22B4E7C1AAABB7C00256200 /* CoffeeFindrTests.xctest */,
			);
			name = Products;
			sourceTree = "<group>";
		};
		F22B4E621AAABB7B00256200 /* CoffeeFindr */ = {
			isa = PBXGroup;
			children = (
				F22B4E8C1AAABBE400256200 /* ListViewController.h */,
				F22B4E8D1AAABBE400256200 /* ListViewController.m */,
				F2C139B71AAAD2A2001D826B /* CoffeePlace.h */,
				F2C139B81AAAD2A2001D826B /* CoffeePlace.m */,
				F22B4E671AAABB7B00256200 /* AppDelegate.h */,
				F22B4E681AAABB7B00256200 /* AppDelegate.m */,
				F22B4E701AAABB7B00256200 /* Main.storyboard */,
				F2C139BA1AAAEAB9001D826B /* DetailViewController.h */,
				F2C139BB1AAAEAB9001D826B /* DetailViewController.m */,
				F22B4E731AAABB7B00256200 /* Images.xcassets */,
				F22B4E751AAABB7C00256200 /* LaunchScreen.xib */,
				F22B4E6A1AAABB7B00256200 /* CoffeeFindr.xcdatamodeld */,
				F22B4E631AAABB7B00256200 /* Supporting Files */,
			);
			path = CoffeeFindr;
			sourceTree = "<group>";
		};
		F22B4E631AAABB7B00256200 /* Supporting Files */ = {
			isa = PBXGroup;
			children = (
				F22B4E641AAABB7B00256200 /* Info.plist */,
				F22B4E651AAABB7B00256200 /* main.m */,
			);
			name = "Supporting Files";
			sourceTree = "<group>";
		};
		F22B4E7F1AAABB7C00256200 /* CoffeeFindrTests */ = {
			isa = PBXGroup;
			children = (
				F22B4E821AAABB7C00256200 /* CoffeeFindrTests.m */,
				F22B4E801AAABB7C00256200 /* Supporting Files */,
			);
			path = CoffeeFindrTests;
			sourceTree = "<group>";
		};
		F22B4E801AAABB7C00256200 /* Supporting Files */ = {
			isa = PBXGroup;
			children = (
				F22B4E811AAABB7C00256200 /* Info.plist */,
			);
			name = "Supporting Files";
			sourceTree = "<group>";
		};
/* End PBXGroup section */

/* Begin PBXNativeTarget section */
		F22B4E5F1AAABB7B00256200 /* CoffeeFindr */ = {
			isa = PBXNativeTarget;
			buildConfigurationList = F22B4E861AAABB7C00256200 /* Build configuration list for PBXNativeTarget "CoffeeFindr" */;
			buildPhases = (
				F22B4E5C1AAABB7B00256200 /* Sources */,
				F22B4E5D1AAABB7B00256200 /* Frameworks */,
				F22B4E5E1AAABB7B00256200 /* Resources */,
			);
			buildRules = (
			);
			dependencies = (
			);
			name = CoffeeFindr;
			productName = CoffeeFindr;
			productReference = F22B4E601AAABB7B00256200 /* CoffeeFindr.app */;
			productType = "com.apple.product-type.application";
		};
		F22B4E7B1AAABB7C00256200 /* CoffeeFindrTests */ = {
			isa = PBXNativeTarget;
			buildConfigurationList = F22B4E891AAABB7C00256200 /* Build configuration list for PBXNativeTarget "CoffeeFindrTests" */;
			buildPhases = (
				F22B4E781AAABB7C00256200 /* Sources */,
				F22B4E791AAABB7C00256200 /* Frameworks */,
				F22B4E7A1AAABB7C00256200 /* Resources */,
			);
			buildRules = (
			);
			dependencies = (
				F22B4E7E1AAABB7C00256200 /* PBXTargetDependency */,
			);
			name = CoffeeFindrTests;
			productName = CoffeeFindrTests;
			productReference = F22B4E7C1AAABB7C00256200 /* CoffeeFindrTests.xctest */;
			productType = "com.apple.product-type.bundle.unit-test";
		};
/* End PBXNativeTarget section */

/* Begin PBXProject section */
		F22B4E581AAABB7B00256200 /* Project object */ = {
			isa = PBXProject;
			attributes = {
				LastUpgradeCheck = 0630;
				ORGANIZATIONNAME = "Ronald Hernandez";
				TargetAttributes = {
					F22B4E5F1AAABB7B00256200 = {
						CreatedOnToolsVersion = 6.3;
					};
					F22B4E7B1AAABB7C00256200 = {
						CreatedOnToolsVersion = 6.3;
						TestTargetID = F22B4E5F1AAABB7B00256200;
					};
				};
			};
			buildConfigurationList = F22B4E5B1AAABB7B00256200 /* Build configuration list for PBXProject "CoffeeFindr" */;
			compatibilityVersion = "Xcode 3.2";
			developmentRegion = English;
			hasScannedForEncodings = 0;
			knownRegions = (
				en,
				Base,
			);
			mainGroup = F22B4E571AAABB7B00256200;
			productRefGroup = F22B4E611AAABB7B00256200 /* Products */;
			projectDirPath = "";
			projectRoot = "";
			targets = (
				F22B4E5F1AAABB7B00256200 /* CoffeeFindr */,
				F22B4E7B1AAABB7C00256200 /* CoffeeFindrTests */,
			);
		};
/* End PBXProject section */

/* Begin PBXResourcesBuildPhase section */
		F22B4E5E1AAABB7B00256200 /* Resources */ = {
			isa = PBXResourcesBuildPhase;
			buildActionMask = 2147483647;
			files = (
				F22B4E721AAABB7B00256200 /* Main.storyboard in Resources */,
				F22B4E771AAABB7C00256200 /* LaunchScreen.xib in Resources */,
				F22B4E741AAABB7B00256200 /* Images.xcassets in Resources */,
			);
			runOnlyForDeploymentPostprocessing = 0;
		};
		F22B4E7A1AAABB7C00256200 /* Resources */ = {
			isa = PBXResourcesBuildPhase;
			buildActionMask = 2147483647;
			files = (
			);
			runOnlyForDeploymentPostprocessing = 0;
		};
/* End PBXResourcesBuildPhase section */

/* Begin PBXSourcesBuildPhase section */
		F22B4E5C1AAABB7B00256200 /* Sources */ = {
			isa = PBXSourcesBuildPhase;
			buildActionMask = 2147483647;
			files = (
				F22B4E691AAABB7B00256200 /* AppDelegate.m in Sources */,
				F22B4E661AAABB7B00256200 /* main.m in Sources */,
				F22B4E8E1AAABBE400256200 /* ListViewController.m in Sources */,
				F2C139B91AAAD2A2001D826B /* CoffeePlace.m in Sources */,
				F22B4E6C1AAABB7B00256200 /* CoffeeFindr.xcdatamodeld in Sources */,
				F2C139BC1AAAEAB9001D826B /* DetailViewController.m in Sources */,
			);
			runOnlyForDeploymentPostprocessing = 0;
		};
		F22B4E781AAABB7C00256200 /* Sources */ = {
			isa = PBXSourcesBuildPhase;
			buildActionMask = 2147483647;
			files = (
				F22B4E831AAABB7C00256200 /* CoffeeFindrTests.m in Sources */,
			);
			runOnlyForDeploymentPostprocessing = 0;
		};
/* End PBXSourcesBuildPhase section */

/* Begin PBXTargetDependency section */
		F22B4E7E1AAABB7C00256200 /* PBXTargetDependency */ = {
			isa = PBXTargetDependency;
			target = F22B4E5F1AAABB7B00256200 /* CoffeeFindr */;
			targetProxy = F22B4E7D1AAABB7C00256200 /* PBXContainerItemProxy */;
		};
/* End PBXTargetDependency section */

/* Begin PBXVariantGroup section */
		F22B4E701AAABB7B00256200 /* Main.storyboard */ = {
			isa = PBXVariantGroup;
			children = (
				F22B4E711AAABB7B00256200 /* Base */,
			);
			name = Main.storyboard;
			sourceTree = "<group>";
		};
		F22B4E751AAABB7C00256200 /* LaunchScreen.xib */ = {
			isa = PBXVariantGroup;
			children = (
				F22B4E761AAABB7C00256200 /* Base */,
			);
			name = LaunchScreen.xib;
			sourceTree = "<group>";
		};
/* End PBXVariantGroup section */

/* Begin XCBuildConfiguration section */
		F22B4E841AAABB7C00256200 /* Debug */ = {
			isa = XCBuildConfiguration;
			buildSettings = {
				ALWAYS_SEARCH_USER_PATHS = NO;
				CLANG_CXX_LANGUAGE_STANDARD = "gnu++0x";
				CLANG_CXX_LIBRARY = "libc++";
				CLANG_ENABLE_MODULES = YES;
				CLANG_ENABLE_OBJC_ARC = YES;
				CLANG_WARN_BOOL_CONVERSION = YES;
				CLANG_WARN_CONSTANT_CONVERSION = YES;
				CLANG_WARN_DIRECT_OBJC_ISA_USAGE = YES_ERROR;
				CLANG_WARN_EMPTY_BODY = YES;
				CLANG_WARN_ENUM_CONVERSION = YES;
				CLANG_WARN_INT_CONVERSION = YES;
				CLANG_WARN_OBJC_ROOT_CLASS = YES_ERROR;
				CLANG_WARN_UNREACHABLE_CODE = YES;
				CLANG_WARN__DUPLICATE_METHOD_MATCH = YES;
				"CODE_SIGN_IDENTITY[sdk=iphoneos*]" = "iPhone Developer";
				COPY_PHASE_STRIP = NO;
				DEBUG_INFORMATION_FORMAT = dwarf;
				ENABLE_STRICT_OBJC_MSGSEND = YES;
				GCC_C_LANGUAGE_STANDARD = gnu99;
				GCC_DYNAMIC_NO_PIC = NO;
				GCC_OPTIMIZATION_LEVEL = 0;
				GCC_PREPROCESSOR_DEFINITIONS = (
					"DEBUG=1",
					"$(inherited)",
				);
				GCC_SYMBOLS_PRIVATE_EXTERN = NO;
				GCC_WARN_64_TO_32_BIT_CONVERSION = YES;
				GCC_WARN_ABOUT_RETURN_TYPE = YES_ERROR;
				GCC_WARN_UNDECLARED_SELECTOR = YES;
				GCC_WARN_UNINITIALIZED_AUTOS = YES_AGGRESSIVE;
				GCC_WARN_UNUSED_FUNCTION = YES;
				GCC_WARN_UNUSED_VARIABLE = YES;
				IPHONEOS_DEPLOYMENT_TARGET = 8.3;
				MTL_ENABLE_DEBUG_INFO = YES;
				ONLY_ACTIVE_ARCH = YES;
				SDKROOT = iphoneos;
				TARGETED_DEVICE_FAMILY = "1,2";
			};
			name = Debug;
		};
		F22B4E851AAABB7C00256200 /* Release */ = {
			isa = XCBuildConfiguration;
			buildSettings = {
				ALWAYS_SEARCH_USER_PATHS = NO;
				CLANG_CXX_LANGUAGE_STANDARD = "gnu++0x";
				CLANG_CXX_LIBRARY = "libc++";
				CLANG_ENABLE_MODULES = YES;
				CLANG_ENABLE_OBJC_ARC = YES;
				CLANG_WARN_BOOL_CONVERSION = YES;
				CLANG_WARN_CONSTANT_CONVERSION = YES;
				CLANG_WARN_DIRECT_OBJC_ISA_USAGE = YES_ERROR;
				CLANG_WARN_EMPTY_BODY = YES;
				CLANG_WARN_ENUM_CONVERSION = YES;
				CLANG_WARN_INT_CONVERSION = YES;
				CLANG_WARN_OBJC_ROOT_CLASS = YES_ERROR;
				CLANG_WARN_UNREACHABLE_CODE = YES;
				CLANG_WARN__DUPLICATE_METHOD_MATCH = YES;
				"CODE_SIGN_IDENTITY[sdk=iphoneos*]" = "iPhone Developer";
				COPY_PHASE_STRIP = NO;
				DEBUG_INFORMATION_FORMAT = "dwarf-with-dsym";
				ENABLE_NS_ASSERTIONS = NO;
				ENABLE_STRICT_OBJC_MSGSEND = YES;
				GCC_C_LANGUAGE_STANDARD = gnu99;
				GCC_WARN_64_TO_32_BIT_CONVERSION = YES;
				GCC_WARN_ABOUT_RETURN_TYPE = YES_ERROR;
				GCC_WARN_UNDECLARED_SELECTOR = YES;
				GCC_WARN_UNINITIALIZED_AUTOS = YES_AGGRESSIVE;
				GCC_WARN_UNUSED_FUNCTION = YES;
				GCC_WARN_UNUSED_VARIABLE = YES;
				IPHONEOS_DEPLOYMENT_TARGET = 8.3;
				MTL_ENABLE_DEBUG_INFO = NO;
				SDKROOT = iphoneos;
				TARGETED_DEVICE_FAMILY = "1,2";
				VALIDATE_PRODUCT = YES;
			};
			name = Release;
		};
		F22B4E871AAABB7C00256200 /* Debug */ = {
			isa = XCBuildConfiguration;
			buildSettings = {
				ASSETCATALOG_COMPILER_APPICON_NAME = AppIcon;
				INFOPLIST_FILE = CoffeeFindr/Info.plist;
				IPHONEOS_DEPLOYMENT_TARGET = 8.1;
				LD_RUNPATH_SEARCH_PATHS = "$(inherited) @executable_path/Frameworks";
				PRODUCT_NAME = "$(TARGET_NAME)";
			};
			name = Debug;
		};
		F22B4E881AAABB7C00256200 /* Release */ = {
			isa = XCBuildConfiguration;
			buildSettings = {
				ASSETCATALOG_COMPILER_APPICON_NAME = AppIcon;
				INFOPLIST_FILE = CoffeeFindr/Info.plist;
				IPHONEOS_DEPLOYMENT_TARGET = 8.1;
				LD_RUNPATH_SEARCH_PATHS = "$(inherited) @executable_path/Frameworks";
				PRODUCT_NAME = "$(TARGET_NAME)";
			};
			name = Release;
		};
		F22B4E8A1AAABB7C00256200 /* Debug */ = {
			isa = XCBuildConfiguration;
			buildSettings = {
				BUNDLE_LOADER = "$(TEST_HOST)";
				FRAMEWORK_SEARCH_PATHS = (
					"$(SDKROOT)/Developer/Library/Frameworks",
					"$(inherited)",
				);
				GCC_PREPROCESSOR_DEFINITIONS = (
					"DEBUG=1",
					"$(inherited)",
				);
				INFOPLIST_FILE = CoffeeFindrTests/Info.plist;
				LD_RUNPATH_SEARCH_PATHS = "$(inherited) @executable_path/Frameworks @loader_path/Frameworks";
				PRODUCT_NAME = "$(TARGET_NAME)";
				TEST_HOST = "$(BUILT_PRODUCTS_DIR)/CoffeeFindr.app/CoffeeFindr";
			};
			name = Debug;
		};
		F22B4E8B1AAABB7C00256200 /* Release */ = {
			isa = XCBuildConfiguration;
			buildSettings = {
				BUNDLE_LOADER = "$(TEST_HOST)";
				FRAMEWORK_SEARCH_PATHS = (
					"$(SDKROOT)/Developer/Library/Frameworks",
					"$(inherited)",
				);
				INFOPLIST_FILE = CoffeeFindrTests/Info.plist;
				LD_RUNPATH_SEARCH_PATHS = "$(inherited) @executable_path/Frameworks @loader_path/Frameworks";
				PRODUCT_NAME = "$(TARGET_NAME)";
				TEST_HOST = "$(BUILT_PRODUCTS_DIR)/CoffeeFindr.app/CoffeeFindr";
			};
			name = Release;
		};
/* End XCBuildConfiguration section */

/* Begin XCConfigurationList section */
		F22B4E5B1AAABB7B00256200 /* Build configuration list for PBXProject "CoffeeFindr" */ = {
			isa = XCConfigurationList;
			buildConfigurations = (
				F22B4E841AAABB7C00256200 /* Debug */,
				F22B4E851AAABB7C00256200 /* Release */,
			);
			defaultConfigurationIsVisible = 0;
			defaultConfigurationName = Release;
		};
		F22B4E861AAABB7C00256200 /* Build configuration list for PBXNativeTarget "CoffeeFindr" */ = {
			isa = XCConfigurationList;
			buildConfigurations = (
				F22B4E871AAABB7C00256200 /* Debug */,
				F22B4E881AAABB7C00256200 /* Release */,
			);
			defaultConfigurationIsVisible = 0;
			defaultConfigurationName = Release;
		};
		F22B4E891AAABB7C00256200 /* Build configuration list for PBXNativeTarget "CoffeeFindrTests" */ = {
			isa = XCConfigurationList;
			buildConfigurations = (
				F22B4E8A1AAABB7C00256200 /* Debug */,
				F22B4E8B1AAABB7C00256200 /* Release */,
			);
			defaultConfigurationIsVisible = 0;
			defaultConfigurationName = Release;
		};
/* End XCConfigurationList section */

/* Begin XCVersionGroup section */
		F22B4E6A1AAABB7B00256200 /* CoffeeFindr.xcdatamodeld */ = {
			isa = XCVersionGroup;
			children = (
				F22B4E6B1AAABB7B00256200 /* CoffeeFindr.xcdatamodel */,
			);
			currentVersion = F22B4E6B1AAABB7B00256200 /* CoffeeFindr.xcdatamodel */;
			path = CoffeeFindr.xcdatamodeld;
			sourceTree = "<group>";
			versionGroupType = wrapper.xcdatamodel;
		};
/* End XCVersionGroup section */
	};
	rootObject = F22B4E581AAABB7B00256200 /* Project object */;
}
